{
  "lockfileVersion": 1,
  "workspaces": {
    "": {
      "name": "@snoopies-wics/shared",
      "dependencies": {
        "drizzle-orm": "^0.41.0",
        "oslo": "^1.2.1",
        "postgres": "^3.4.5",
      },
    },
  },
  "packages": {
    "@emnapi/core": ["@emnapi/core@0.45.0", "", { "dependencies": { "tslib": "^2.4.0" } }, "sha512-DPWjcUDQkCeEM4VnljEOEcXdAD7pp8zSZsgOujk/LGIwCXWbXJngin+MO4zbH429lzeC3WbYLGjE2MaUOwzpyw=="],

    "@emnapi/runtime": ["@emnapi/runtime@0.45.0", "", { "dependencies": { "tslib": "^2.4.0" } }, "sha512-Txumi3td7J4A/xTTwlssKieHKTGl3j4A1tglBx72auZ49YK7ePY6XZricgIg9mnZT4xPfA+UPCUdnhRuEFDL+w=="],

    "@node-rs/argon2": ["@node-rs/argon2@1.7.0", "", { "optionalDependencies": { "@node-rs/argon2-android-arm-eabi": "1.7.0", "@node-rs/argon2-android-arm64": "1.7.0", "@node-rs/argon2-darwin-arm64": "1.7.0", "@node-rs/argon2-darwin-x64": "1.7.0", "@node-rs/argon2-freebsd-x64": "1.7.0", "@node-rs/argon2-linux-arm-gnueabihf": "1.7.0", "@node-rs/argon2-linux-arm64-gnu": "1.7.0", "@node-rs/argon2-linux-arm64-musl": "1.7.0", "@node-rs/argon2-linux-x64-gnu": "1.7.0", "@node-rs/argon2-linux-x64-musl": "1.7.0", "@node-rs/argon2-wasm32-wasi": "1.7.0", "@node-rs/argon2-win32-arm64-msvc": "1.7.0", "@node-rs/argon2-win32-ia32-msvc": "1.7.0", "@node-rs/argon2-win32-x64-msvc": "1.7.0" } }, "sha512-zfULc+/tmcWcxn+nHkbyY8vP3+MpEqKORbszt4UkpqZgBgDAAIYvuDN/zukfTgdmo6tmJKKVfzigZOPk4LlIog=="],

    "@node-rs/argon2-android-arm-eabi": ["@node-rs/argon2-android-arm-eabi@1.7.0", "", { "os": "android", "cpu": "arm" }, "sha512-udDqkr5P9E+wYX1SZwAVPdyfYvaF4ry9Tm+R9LkfSHbzWH0uhU6zjIwNRp7m+n4gx691rk+lqqDAIP8RLKwbhg=="],

    "@node-rs/argon2-android-arm64": ["@node-rs/argon2-android-arm64@1.7.0", "", { "os": "android", "cpu": "arm64" }, "sha512-s9j/G30xKUx8WU50WIhF0fIl1EdhBGq0RQ06lEhZ0Gi0ap8lhqbE2Bn5h3/G2D1k0Dx+yjeVVNmt/xOQIRG38A=="],

    "@node-rs/argon2-darwin-arm64": ["@node-rs/argon2-darwin-arm64@1.7.0", "", { "os": "darwin", "cpu": "arm64" }, "sha512-ZIz4L6HGOB9U1kW23g+m7anGNuTZ0RuTw0vNp3o+2DWpb8u8rODq6A8tH4JRL79S+Co/Nq608m9uackN2pe0Rw=="],

    "@node-rs/argon2-darwin-x64": ["@node-rs/argon2-darwin-x64@1.7.0", "", { "os": "darwin", "cpu": "x64" }, "sha512-5oi/pxqVhODW/pj1+3zElMTn/YukQeywPHHYDbcAW3KsojFjKySfhcJMd1DjKTc+CHQI+4lOxZzSUzK7mI14Hw=="],

    "@node-rs/argon2-freebsd-x64": ["@node-rs/argon2-freebsd-x64@1.7.0", "", { "os": "freebsd", "cpu": "x64" }, "sha512-Ify08683hA4QVXYoIm5SUWOY5DPIT/CMB0CQT+IdxQAg/F+qp342+lUkeAtD5bvStQuCx/dFO3bnnzoe2clMhA=="],

    "@node-rs/argon2-linux-arm-gnueabihf": ["@node-rs/argon2-linux-arm-gnueabihf@1.7.0", "", { "os": "linux", "cpu": "arm" }, "sha512-7DjDZ1h5AUHAtRNjD19RnQatbhL+uuxBASuuXIBu4/w6Dx8n7YPxwTP4MXfsvuRgKuMWiOb/Ub/HJ3kXVCXRkg=="],

    "@node-rs/argon2-linux-arm64-gnu": ["@node-rs/argon2-linux-arm64-gnu@1.7.0", "", { "os": "linux", "cpu": "arm64" }, "sha512-nJDoMP4Y3YcqGswE4DvP080w6O24RmnFEDnL0emdI8Nou17kNYBzP2546Nasx9GCyLzRcYQwZOUjrtUuQ+od2g=="],

    "@node-rs/argon2-linux-arm64-musl": ["@node-rs/argon2-linux-arm64-musl@1.7.0", "", { "os": "linux", "cpu": "arm64" }, "sha512-BKWS8iVconhE3jrb9mj6t1J9vwUqQPpzCbUKxfTGJfc+kNL58F1SXHBoe2cDYGnHrFEHTY0YochzXoAfm4Dm/A=="],

    "@node-rs/argon2-linux-x64-gnu": ["@node-rs/argon2-linux-x64-gnu@1.7.0", "", { "os": "linux", "cpu": "x64" }, "sha512-EmgqZOlf4Jurk/szW1iTsVISx25bKksVC5uttJDUloTgsAgIGReCpUUO1R24pBhu9ESJa47iv8NSf3yAfGv6jQ=="],

    "@node-rs/argon2-linux-x64-musl": ["@node-rs/argon2-linux-x64-musl@1.7.0", "", { "os": "linux", "cpu": "x64" }, "sha512-/o1efYCYIxjfuoRYyBTi2Iy+1iFfhqHCvvVsnjNSgO1xWiWrX0Rrt/xXW5Zsl7vS2Y+yu8PL8KFWRzZhaVxfKA=="],

    "@node-rs/argon2-wasm32-wasi": ["@node-rs/argon2-wasm32-wasi@1.7.0", "", { "dependencies": { "@emnapi/core": "^0.45.0", "@emnapi/runtime": "^0.45.0", "@tybys/wasm-util": "^0.8.1", "memfs-browser": "^3.4.13000" }, "cpu": "none" }, "sha512-Evmk9VcxqnuwQftfAfYEr6YZYSPLzmKUsbFIMep5nTt9PT4XYRFAERj7wNYp+rOcBenF3X4xoB+LhwcOMTNE5w=="],

    "@node-rs/argon2-win32-arm64-msvc": ["@node-rs/argon2-win32-arm64-msvc@1.7.0", "", { "os": "win32", "cpu": "arm64" }, "sha512-qgsU7T004COWWpSA0tppDqDxbPLgg8FaU09krIJ7FBl71Sz8SFO40h7fDIjfbTT5w7u6mcaINMQ5bSHu75PCaA=="],

    "@node-rs/argon2-win32-ia32-msvc": ["@node-rs/argon2-win32-ia32-msvc@1.7.0", "", { "os": "win32", "cpu": "ia32" }, "sha512-JGafwWYQ/HpZ3XSwP4adQ6W41pRvhcdXvpzIWtKvX+17+xEXAe2nmGWM6s27pVkg1iV2ZtoYLRDkOUoGqZkCcg=="],

    "@node-rs/argon2-win32-x64-msvc": ["@node-rs/argon2-win32-x64-msvc@1.7.0", "", { "os": "win32", "cpu": "x64" }, "sha512-9oq4ShyFakw8AG3mRls0AoCpxBFcimYx7+jvXeAf2OqKNO+mSA6eZ9z7KQeVCi0+SOEUYxMGf5UiGiDb9R6+9Q=="],

    "@node-rs/bcrypt": ["@node-rs/bcrypt@1.9.0", "", { "optionalDependencies": { "@node-rs/bcrypt-android-arm-eabi": "1.9.0", "@node-rs/bcrypt-android-arm64": "1.9.0", "@node-rs/bcrypt-darwin-arm64": "1.9.0", "@node-rs/bcrypt-darwin-x64": "1.9.0", "@node-rs/bcrypt-freebsd-x64": "1.9.0", "@node-rs/bcrypt-linux-arm-gnueabihf": "1.9.0", "@node-rs/bcrypt-linux-arm64-gnu": "1.9.0", "@node-rs/bcrypt-linux-arm64-musl": "1.9.0", "@node-rs/bcrypt-linux-x64-gnu": "1.9.0", "@node-rs/bcrypt-linux-x64-musl": "1.9.0", "@node-rs/bcrypt-wasm32-wasi": "1.9.0", "@node-rs/bcrypt-win32-arm64-msvc": "1.9.0", "@node-rs/bcrypt-win32-ia32-msvc": "1.9.0", "@node-rs/bcrypt-win32-x64-msvc": "1.9.0" } }, "sha512-u2OlIxW264bFUfvbFqDz9HZKFjwe8FHFtn7T/U8mYjPZ7DWYpbUB+/dkW/QgYfMSfR0ejkyuWaBBe0coW7/7ig=="],

    "@node-rs/bcrypt-android-arm-eabi": ["@node-rs/bcrypt-android-arm-eabi@1.9.0", "", { "os": "android", "cpu": "arm" }, "sha512-nOCFISGtnodGHNiLrG0WYLWr81qQzZKYfmwHc7muUeq+KY0sQXyHOwZk9OuNQAWv/lnntmtbwkwT0QNEmOyLvA=="],

    "@node-rs/bcrypt-android-arm64": ["@node-rs/bcrypt-android-arm64@1.9.0", "", { "os": "android", "cpu": "arm64" }, "sha512-+ZrIAtigVmjYkqZQTThHVlz0+TG6D+GDHWhVKvR2DifjtqJ0i+mb9gjo++hN+fWEQdWNGxKCiBBjwgT4EcXd6A=="],

    "@node-rs/bcrypt-darwin-arm64": ["@node-rs/bcrypt-darwin-arm64@1.9.0", "", { "os": "darwin", "cpu": "arm64" }, "sha512-CQiS+F9Pa0XozvkXR1g7uXE9QvBOPOplDg0iCCPRYTN9PqA5qYxhwe48G3o+v2UeQceNRrbnEtWuANm7JRqIhw=="],

    "@node-rs/bcrypt-darwin-x64": ["@node-rs/bcrypt-darwin-x64@1.9.0", "", { "os": "darwin", "cpu": "x64" }, "sha512-4pTKGawYd7sNEjdJ7R/R67uwQH1VvwPZ0SSUMmeNHbxD5QlwAPXdDH11q22uzVXsvNFZ6nGQBg8No5OUGpx6Ug=="],

    "@node-rs/bcrypt-freebsd-x64": ["@node-rs/bcrypt-freebsd-x64@1.9.0", "", { "os": "freebsd", "cpu": "x64" }, "sha512-UmWzySX4BJhT/B8xmTru6iFif3h0Rpx3TqxRLCcbgmH43r7k5/9QuhpiyzpvKGpKHJCFNm4F3rC2wghvw5FCIg=="],

    "@node-rs/bcrypt-linux-arm-gnueabihf": ["@node-rs/bcrypt-linux-arm-gnueabihf@1.9.0", "", { "os": "linux", "cpu": "arm" }, "sha512-8qoX4PgBND2cVwsbajoAWo3NwdfJPEXgpCsZQZURz42oMjbGyhhSYbovBCskGU3EBLoC8RA2B1jFWooeYVn5BA=="],

    "@node-rs/bcrypt-linux-arm64-gnu": ["@node-rs/bcrypt-linux-arm64-gnu@1.9.0", "", { "os": "linux", "cpu": "arm64" }, "sha512-TuAC6kx0SbcIA4mSEWPi+OCcDjTQUMl213v5gMNlttF+D4ieIZx6pPDGTaMO6M2PDHTeCG0CBzZl0Lu+9b0c7Q=="],

    "@node-rs/bcrypt-linux-arm64-musl": ["@node-rs/bcrypt-linux-arm64-musl@1.9.0", "", { "os": "linux", "cpu": "arm64" }, "sha512-/sIvKDABOI8QOEnLD7hIj02BVaNOuCIWBKvxcJOt8+TuwJ6zmY1UI5kSv9d99WbiHjTp97wtAUbZQwauU4b9ew=="],

    "@node-rs/bcrypt-linux-x64-gnu": ["@node-rs/bcrypt-linux-x64-gnu@1.9.0", "", { "os": "linux", "cpu": "x64" }, "sha512-DyyhDHDsLBsCKz1tZ1hLvUZSc1DK0FU0v52jK6IBQxrj24WscSU9zZe7ie/V9kdmA4Ep57BfpWX8Dsa2JxGdgQ=="],

    "@node-rs/bcrypt-linux-x64-musl": ["@node-rs/bcrypt-linux-x64-musl@1.9.0", "", { "os": "linux", "cpu": "x64" }, "sha512-duIiuqQ+Lew8ASSAYm6ZRqcmfBGWwsi81XLUwz86a2HR7Qv6V4yc3ZAUQovAikhjCsIqe8C11JlAZSK6+PlXYg=="],

    "@node-rs/bcrypt-wasm32-wasi": ["@node-rs/bcrypt-wasm32-wasi@1.9.0", "", { "dependencies": { "@emnapi/core": "^0.45.0", "@emnapi/runtime": "^0.45.0", "@tybys/wasm-util": "^0.8.1", "memfs-browser": "^3.4.13000" }, "cpu": "none" }, "sha512-ylaGmn9Wjwv/D5lxtawttx3H6Uu2WTTR7lWlRHGT6Ga/MB1Vj4OjSGUW8G8zIVnKuXpGbZ92pgHlt4HUpSLctw=="],

    "@node-rs/bcrypt-win32-arm64-msvc": ["@node-rs/bcrypt-win32-arm64-msvc@1.9.0", "", { "os": "win32", "cpu": "arm64" }, "sha512-2h86gF7QFyEzODuDFml/Dp1MSJoZjxJ4yyT2Erf4NkwsiA5MqowUhUsorRwZhX6+2CtlGa7orbwi13AKMsYndw=="],

    "@node-rs/bcrypt-win32-ia32-msvc": ["@node-rs/bcrypt-win32-ia32-msvc@1.9.0", "", { "os": "win32", "cpu": "ia32" }, "sha512-kqxalCvhs4FkN0+gWWfa4Bdy2NQAkfiqq/CEf6mNXC13RSV673Ev9V8sRlQyNpCHCNkeXfOT9pgoBdJmMs9muA=="],

    "@node-rs/bcrypt-win32-x64-msvc": ["@node-rs/bcrypt-win32-x64-msvc@1.9.0", "", { "os": "win32", "cpu": "x64" }, "sha512-2y0Tuo6ZAT2Cz8V7DHulSlv1Bip3zbzeXyeur+uR25IRNYXKvI/P99Zl85Fbuu/zzYAZRLLlGTRe6/9IHofe/w=="],

    "@tybys/wasm-util": ["@tybys/wasm-util@0.8.3", "", { "dependencies": { "tslib": "^2.4.0" } }, "sha512-Z96T/L6dUFFxgFJ+pQtkPpne9q7i6kIPYCFnQBHSgSPV9idTsKfIhCss0h5iM9irweZCatkrdeP8yi5uM1eX6Q=="],

    "drizzle-orm": ["drizzle-orm@0.41.0", "", { "peerDependencies": { "@aws-sdk/client-rds-data": ">=3", "@cloudflare/workers-types": ">=4", "@electric-sql/pglite": ">=0.2.0", "@libsql/client": ">=0.10.0", "@libsql/client-wasm": ">=0.10.0", "@neondatabase/serverless": ">=0.10.0", "@op-engineering/op-sqlite": ">=2", "@opentelemetry/api": "^1.4.1", "@planetscale/database": ">=1", "@prisma/client": "*", "@tidbcloud/serverless": "*", "@types/better-sqlite3": "*", "@types/pg": "*", "@types/sql.js": "*", "@vercel/postgres": ">=0.8.0", "@xata.io/client": "*", "better-sqlite3": ">=7", "bun-types": "*", "expo-sqlite": ">=14.0.0", "gel": ">=2", "knex": "*", "kysely": "*", "mysql2": ">=2", "pg": ">=8", "postgres": ">=3", "sql.js": ">=1", "sqlite3": ">=5" }, "optionalPeers": ["@aws-sdk/client-rds-data", "@cloudflare/workers-types", "@electric-sql/pglite", "@libsql/client", "@libsql/client-wasm", "@neondatabase/serverless", "@op-engineering/op-sqlite", "@opentelemetry/api", "@planetscale/database", "@prisma/client", "@tidbcloud/serverless", "@types/better-sqlite3", "@types/pg", "@types/sql.js", "@vercel/postgres", "@xata.io/client", "better-sqlite3", "bun-types", "expo-sqlite", "gel", "knex", "kysely", "mysql2", "pg", "postgres", "sql.js", "sqlite3"] }, "sha512-7A4ZxhHk9gdlXmTdPj/lREtP+3u8KvZ4yEN6MYVxBzZGex5Wtdc+CWSbu7btgF6TB0N+MNPrvW7RKBbxJchs/Q=="],

    "fs-monkey": ["fs-monkey@1.0.6", "", {}, "sha512-b1FMfwetIKymC0eioW7mTywihSQE4oLzQn1dB6rZB5fx/3NpNEdAWeCSMB+60/AeT0TCXsxzAlcYVEFCTAksWg=="],

    "memfs": ["memfs@3.5.3", "", { "dependencies": { "fs-monkey": "^1.0.4" } }, "sha512-UERzLsxzllchadvbPs5aolHh65ISpKpM+ccLbOJ8/vvpBKmAWf+la7dXFy7Mr0ySHbdHrFv5kGFCUHHe6GFEmw=="],

    "memfs-browser": ["memfs-browser@3.5.10302", "", { "dependencies": { "memfs": "3.5.3" } }, "sha512-JJTc/nh3ig05O0gBBGZjTCPOyydaTxNF0uHYBrcc1gHNnO+KIHIvo0Y1FKCJsaei6FCl8C6xfQomXqu+cuzkIw=="],

    "oslo": ["oslo@1.2.1", "", { "dependencies": { "@node-rs/argon2": "1.7.0", "@node-rs/bcrypt": "1.9.0" } }, "sha512-HfIhB5ruTdQv0XX2XlncWQiJ5SIHZ7NHZhVyHth0CSZ/xzge00etRyYy/3wp/Dsu+PkxMC+6+B2lS/GcKoewkA=="],

    "postgres": ["postgres@3.4.5", "", {}, "sha512-cDWgoah1Gez9rN3H4165peY9qfpEo+SA61oQv65O3cRUE1pOEoJWwddwcqKE8XZYjbblOJlYDlLV4h67HrEVDg=="],

    "tslib": ["tslib@2.8.1", "", {}, "sha512-oJFu94HQb+KVduSUQL7wnpmqnfmLsOA/nAh6b6EH0wCEoK0/mPeXU6c3wKDV83MkOuHPRHtSXKKU99IBazS/2w=="],
  }
}
